
Microsoft Visual Studio Solution File, Format Version 12.00
# Visual Studio 2012
Project("{8BC9CEB8-8B4A-11D0-8D11-00A0C91BC942}") = "Lista1", "Lista1\Lista1.vcxproj", "{496869EF-C378-4E83-A0E9-0F412A96E135}"
EndProject
Global
	GlobalSection(SolutionConfigurationPlatforms) = preSolution
		Debug|Win32 = Debug|Win32
		Release|Win32 = Release|Win32
	EndGlobalSection
	GlobalSection(ProjectConfigurationPlatforms) = postSolution
		{496869EF-C378-4E83-A0E9-0F412A96E135}.Debug|Win32.ActiveCfg = Debug|Win32
		{496869EF-C378-4E83-A0E9-0F412A96E135}.Debug|Win32.Build.0 = Debug|Win32
		{496869EF-C378-4E83-A0E9-0F412A96E135}.Release|Win32.ActiveCfg = Release|Win32
		{496869EF-C378-4E83-A0E9-0F412A96E135}.Release|Win32.Build.0 = Release|Win32
	EndGlobalSection
	GlobalSection(SolutionProperties) = preSolution
		HideSolutionNode = FALSE
	EndGlobalSection
EndGlobal
